
Microsoft Visual Studio Solution File, Format Version 12.00
# Visual Studio for Mac
Project("{FAE04EC0-301F-11D3-BF4B-00C04F79EFBC}") = "Assembly-CSharp", "Assembly-CSharp.csproj", "{C2C9C180-1411-9F41-6A05-EA5429FF57E4}"
EndProject
Project("{FAE04EC0-301F-11D3-BF4B-00C04F79EFBC}") = "Assembly-CSharp-Editor", "Assembly-CSharp-Editor.csproj", "{CBEFD0AB-FDA6-2488-CB1C-2BF5BC50BBED}"
EndProject
Global
	GlobalSection(SolutionConfigurationPlatforms) = preSolution
		Debug|Any CPU = Debug|Any CPU
		Release|Any CPU = Release|Any CPU
	EndGlobalSection
	GlobalSection(ProjectConfigurationPlatforms) = postSolution
		{C2C9C180-1411-9F41-6A05-EA5429FF57E4}.Debug|Any CPU.ActiveCfg = Debug|Any CPU
		{C2C9C180-1411-9F41-6A05-EA5429FF57E4}.Debug|Any CPU.Build.0 = Debug|Any CPU
		{C2C9C180-1411-9F41-6A05-EA5429FF57E4}.Release|Any CPU.ActiveCfg = Release|Any CPU
		{C2C9C180-1411-9F41-6A05-EA5429FF57E4}.Release|Any CPU.Build.0 = Release|Any CPU
		{CBEFD0AB-FDA6-2488-CB1C-2BF5BC50BBED}.Debug|Any CPU.ActiveCfg = Debug|Any CPU
		{CBEFD0AB-FDA6-2488-CB1C-2BF5BC50BBED}.Debug|Any CPU.Build.0 = Debug|Any CPU
		{CBEFD0AB-FDA6-2488-CB1C-2BF5BC50BBED}.Release|Any CPU.ActiveCfg = Release|Any CPU
		{CBEFD0AB-FDA6-2488-CB1C-2BF5BC50BBED}.Release|Any CPU.Build.0 = Release|Any CPU
	EndGlobalSection
	GlobalSection(SolutionProperties) = preSolution
		HideSolutionNode = FALSE
	EndGlobalSection
EndGlobal
